<?xml version="1.0" encoding="utf-8"?>
<Project ToolsVersion="4.0" xmlns="http://schemas.microsoft.com/developer/msbuild/2003">
  <ItemGroup>
    <Filter Include="glfw">
      <UniqueIdentifier>{65f405b2-5606-4b23-8671-2f2669c2be7f}</UniqueIdentifier>
    </Filter>
    <Filter Include="shaders">
      <UniqueIdentifier>{d4b8c0c8-c987-4257-a447-3e9ec00dab4a}</UniqueIdentifier>
    </Filter>
    <Filter Include="volk">
      <UniqueIdentifier>{04a88214-37af-4f5e-9622-dba2dc73c2d2}</UniqueIdentifier>
    </Filter>
    <Filter Include="meshoptimizer">
      <UniqueIdentifier>{05858447-2693-400e-9503-8dce5ee3cb52}</UniqueIdentifier>
    </Filter>
    <Filter Include="glm">
      <UniqueIdentifier>{4fb983a4-e240-4f47-8a2d-d2cf6d9f9516}</UniqueIdentifier>
    </Filter>
  </ItemGroup>
  <ItemGroup>
    <ClCompile Include="..\..\extern\glfw\src\context.c">
      <Filter>glfw</Filter>
    </ClCompile>
    <ClCompile Include="..\..\extern\glfw\src\init.c">
      <Filter>glfw</Filter>
    </ClCompile>
    <ClCompile Include="..\..\extern\glfw\src\input.c">
      <Filter>glfw</Filter>
    </ClCompile>
    <ClCompile Include="..\..\extern\glfw\src\monitor.c">
      <Filter>glfw</Filter>
    </ClCompile>
    <ClCompile Include="..\..\extern\glfw\src\win32_init.c">
      <Filter>glfw</Filter>
    </ClCompile>
    <ClCompile Include="..\..\extern\glfw\src\win32_joystick.c">
      <Filter>glfw</Filter>
    </ClCompile>
    <ClCompile Include="..\..\extern\glfw\src\win32_monitor.c">
      <Filter>glfw</Filter>
    </ClCompile>
    <ClCompile Include="..\..\extern\glfw\src\win32_thread.c">
      <Filter>glfw</Filter>
    </ClCompile>
    <ClCompile Include="..\..\extern\glfw\src\win32_time.c">
      <Filter>glfw</Filter>
    </ClCompile>
    <ClCompile Include="..\..\extern\glfw\src\win32_window.c">
      <Filter>glfw</Filter>
    </ClCompile>
    <ClCompile Include="..\..\extern\glfw\src\window.c">
      <Filter>glfw</Filter>
    </ClCompile>
    <ClCompile Include="..\..\extern\glfw\src\egl_context.c">
      <Filter>glfw</Filter>
    </ClCompile>
    <ClCompile Include="..\..\extern\glfw\src\wgl_context.c">
      <Filter>glfw</Filter>
    </ClCompile>
    <ClCompile Include="..\..\extern\glfw\src\osmesa_context.c">
      <Filter>glfw</Filter>
    </ClCompile>
    <ClCompile Include="..\..\extern\glfw\src\vulkan.c">
      <Filter>glfw</Filter>
    </ClCompile>
    <ClCompile Include="..\..\extern\volk\volk.c">
      <Filter>volk</Filter>
    </ClCompile>
    <ClCompile Include="..\..\extern\meshoptimizer\src\allocator.cpp">
      <Filter>meshoptimizer</Filter>
    </ClCompile>
    <ClCompile Include="..\..\extern\meshoptimizer\src\clusterizer.cpp">
      <Filter>meshoptimizer</Filter>
    </ClCompile>
    <ClCompile Include="..\..\extern\meshoptimizer\src\indexcodec.cpp">
      <Filter>meshoptimizer</Filter>
    </ClCompile>
    <ClCompile Include="..\..\extern\meshoptimizer\src\indexgenerator.cpp">
      <Filter>meshoptimizer</Filter>
    </ClCompile>
    <ClCompile Include="..\..\extern\meshoptimizer\src\overdrawanalyzer.cpp">
      <Filter>meshoptimizer</Filter>
    </ClCompile>
    <ClCompile Include="..\..\extern\meshoptimizer\src\overdrawoptimizer.cpp">
      <Filter>meshoptimizer</Filter>
    </ClCompile>
    <ClCompile Include="..\..\extern\meshoptimizer\src\simplifier.cpp">
      <Filter>meshoptimizer</Filter>
    </ClCompile>
    <ClCompile Include="..\..\extern\meshoptimizer\src\spatialorder.cpp">
      <Filter>meshoptimizer</Filter>
    </ClCompile>
    <ClCompile Include="..\..\extern\meshoptimizer\src\stripifier.cpp">
      <Filter>meshoptimizer</Filter>
    </ClCompile>
    <ClCompile Include="..\..\extern\meshoptimizer\src\vcacheanalyzer.cpp">
      <Filter>meshoptimizer</Filter>
    </ClCompile>
    <ClCompile Include="..\..\extern\meshoptimizer\src\vcacheoptimizer.cpp">
      <Filter>meshoptimizer</Filter>
    </ClCompile>
    <ClCompile Include="..\..\extern\meshoptimizer\src\vertexcodec.cpp">
      <Filter>meshoptimizer</Filter>
    </ClCompile>
    <ClCompile Include="..\..\extern\meshoptimizer\src\vfetchanalyzer.cpp">
      <Filter>meshoptimizer</Filter>
    </ClCompile>
    <ClCompile Include="..\..\extern\meshoptimizer\src\vfetchoptimizer.cpp">
      <Filter>meshoptimizer</Filter>
    </ClCompile>
    <ClCompile Include="vulkan_render.cpp" />
  </ItemGroup>
  <ItemGroup>
    <ClInclude Include="..\..\extern\glfw\src\win32_joystick.h">
      <Filter>glfw</Filter>
    </ClInclude>
    <ClInclude Include="..\..\extern\glfw\src\win32_platform.h">
      <Filter>glfw</Filter>
    </ClInclude>
    <ClInclude Include="..\..\extern\glfw\src\egl_context.h">
      <Filter>glfw</Filter>
    </ClInclude>
    <ClInclude Include="..\..\extern\glfw\src\wgl_context.h">
      <Filter>glfw</Filter>
    </ClInclude>
    <ClInclude Include="..\..\extern\glfw\src\osmesa_context.h">
      <Filter>glfw</Filter>
    </ClInclude>
    <ClInclude Include="..\..\extern\volk\volk.h">
      <Filter>volk</Filter>
    </ClInclude>
    <ClInclude Include="..\..\extern\meshoptimizer\src\meshoptimizer.h">
      <Filter>meshoptimizer</Filter>
    </ClInclude>
    <ClInclude Include="..\..\extern\glm\glm\common.hpp">
      <Filter>glm</Filter>
    </ClInclude>
    <ClInclude Include="..\..\extern\glm\glm\exponential.hpp">
      <Filter>glm</Filter>
    </ClInclude>
    <ClInclude Include="..\..\extern\glm\glm\ext.hpp">
      <Filter>glm</Filter>
    </ClInclude>
    <ClInclude Include="..\..\extern\glm\glm\fwd.hpp">
      <Filter>glm</Filter>
    </ClInclude>
    <ClInclude Include="..\..\extern\glm\glm\geometric.hpp">
      <Filter>glm</Filter>
    </ClInclude>
    <ClInclude Include="..\..\extern\glm\glm\glm.hpp">
      <Filter>glm</Filter>
    </ClInclude>
    <ClInclude Include="..\..\extern\glm\glm\integer.hpp">
      <Filter>glm</Filter>
    </ClInclude>
    <ClInclude Include="..\..\extern\glm\glm\mat2x2.hpp">
      <Filter>glm</Filter>
    </ClInclude>
    <ClInclude Include="..\..\extern\glm\glm\mat2x3.hpp">
      <Filter>glm</Filter>
    </ClInclude>
    <ClInclude Include="..\..\extern\glm\glm\mat2x4.hpp">
      <Filter>glm</Filter>
    </ClInclude>
    <ClInclude Include="..\..\extern\glm\glm\mat3x2.hpp">
      <Filter>glm</Filter>
    </ClInclude>
    <ClInclude Include="..\..\extern\glm\glm\mat3x3.hpp">
      <Filter>glm</Filter>
    </ClInclude>
    <ClInclude Include="..\..\extern\glm\glm\mat3x4.hpp">
      <Filter>glm</Filter>
    </ClInclude>
    <ClInclude Include="..\..\extern\glm\glm\mat4x2.hpp">
      <Filter>glm</Filter>
    </ClInclude>
    <ClInclude Include="..\..\extern\glm\glm\mat4x3.hpp">
      <Filter>glm</Filter>
    </ClInclude>
    <ClInclude Include="..\..\extern\glm\glm\mat4x4.hpp">
      <Filter>glm</Filter>
    </ClInclude>
    <ClInclude Include="..\..\extern\glm\glm\matrix.hpp">
      <Filter>glm</Filter>
    </ClInclude>
    <ClInclude Include="..\..\extern\glm\glm\packing.hpp">
      <Filter>glm</Filter>
    </ClInclude>
    <ClInclude Include="..\..\extern\glm\glm\trigonometric.hpp">
      <Filter>glm</Filter>
    </ClInclude>
    <ClInclude Include="..\..\extern\glm\glm\vec2.hpp">
      <Filter>glm</Filter>
    </ClInclude>
    <ClInclude Include="..\..\extern\glm\glm\vec3.hpp">
      <Filter>glm</Filter>
    </ClInclude>
    <ClInclude Include="..\..\extern\glm\glm\vec4.hpp">
      <Filter>glm</Filter>
    </ClInclude>
    <ClInclude Include="..\..\extern\glm\glm\vector_relational.hpp">
      <Filter>glm</Filter>
    </ClInclude>
  </ItemGroup>
  <ItemGroup>
    <CustomBuild Include="..\shaders\triangle.vert.glsl">
      <Filter>shaders</Filter>
    </CustomBuild>
    <CustomBuild Include="..\shaders\triangle.frag.glsl">
      <Filter>shaders</Filter>
    </CustomBuild>
    <CustomBuild Include="..\shaders\basic.frag.glsl">
      <Filter>shaders</Filter>
    </CustomBuild>
    <CustomBuild Include="..\shaders\basic.vert.glsl">
      <Filter>shaders</Filter>
    </CustomBuild>
  </ItemGroup>
</Project>